// !$*UTF8*$!
{
	archiveVersion = 1;
	classes = {
	};
	objectVersion = 56;
	objects = {

/* Begin PBXBuildFile section */
		C44D0FFA2A8912C300A3A4EF /* SettingsView.swift in Sources */ = {isa = PBXBuildFile; fileRef = C44D0FF92A8912C300A3A4EF /* SettingsView.swift */; };
		C44D0FFC2A891B6C00A3A4EF /* CustomListRow.swift in Sources */ = {isa = PBXBuildFile; fileRef = C44D0FFB2A891B6C00A3A4EF /* CustomListRow.swift */; };
		C47F75772A8216830041E0EC /* HikeApp.swift in Sources */ = {isa = PBXBuildFile; fileRef = C47F75762A8216830041E0EC /* HikeApp.swift */; };
		C47F75792A8216830041E0EC /* ContentView.swift in Sources */ = {isa = PBXBuildFile; fileRef = C47F75782A8216830041E0EC /* ContentView.swift */; };
		C47F757B2A8216850041E0EC /* Assets.xcassets in Resources */ = {isa = PBXBuildFile; fileRef = C47F757A2A8216850041E0EC /* Assets.xcassets */; };
		C47F757E2A8216850041E0EC /* Preview Assets.xcassets in Resources */ = {isa = PBXBuildFile; fileRef = C47F757D2A8216850041E0EC /* Preview Assets.xcassets */; };
		C47F75882A8216850041E0EC /* HikeTests.swift in Sources */ = {isa = PBXBuildFile; fileRef = C47F75872A8216850041E0EC /* HikeTests.swift */; };
		C47F75922A8216850041E0EC /* HikeUITests.swift in Sources */ = {isa = PBXBuildFile; fileRef = C47F75912A8216850041E0EC /* HikeUITests.swift */; };
		C47F75942A8216850041E0EC /* HikeUITestsLaunchTests.swift in Sources */ = {isa = PBXBuildFile; fileRef = C47F75932A8216850041E0EC /* HikeUITestsLaunchTests.swift */; };
		C4C2D7092A8798F200EEB970 /* CardView.swift in Sources */ = {isa = PBXBuildFile; fileRef = C4C2D7082A8798F200EEB970 /* CardView.swift */; };
		C4C2D70C2A879A5900EEB970 /* CustomBackgroundView.swift in Sources */ = {isa = PBXBuildFile; fileRef = C4C2D70B2A879A5900EEB970 /* CustomBackgroundView.swift */; };
		C4C2D70F2A879CD600EEB970 /* ColorExtension.swift in Sources */ = {isa = PBXBuildFile; fileRef = C4C2D70E2A879CD600EEB970 /* ColorExtension.swift */; };
		C4C2D7112A87A88600EEB970 /* CustomButtonView.swift in Sources */ = {isa = PBXBuildFile; fileRef = C4C2D7102A87A88600EEB970 /* CustomButtonView.swift */; };
		C4C2D7152A87C5E300EEB970 /* GradientButtonStyle.swift in Sources */ = {isa = PBXBuildFile; fileRef = C4C2D7142A87C5E300EEB970 /* GradientButtonStyle.swift */; };
		C4C2D7172A87DCF800EEB970 /* CustomCircleView.swift in Sources */ = {isa = PBXBuildFile; fileRef = C4C2D7162A87DCF800EEB970 /* CustomCircleView.swift */; };
		C4C2D7192A87DE4700EEB970 /* MotionAnimationView.swift in Sources */ = {isa = PBXBuildFile; fileRef = C4C2D7182A87DE4700EEB970 /* MotionAnimationView.swift */; };
/* End PBXBuildFile section */

/* Begin PBXContainerItemProxy section */
		C47F75842A8216850041E0EC /* PBXContainerItemProxy */ = {
			isa = PBXContainerItemProxy;
			containerPortal = C47F756B2A8216830041E0EC /* Project object */;
			proxyType = 1;
			remoteGlobalIDString = C47F75722A8216830041E0EC;
			remoteInfo = Hike;
		};
		C47F758E2A8216850041E0EC /* PBXContainerItemProxy */ = {
			isa = PBXContainerItemProxy;
			containerPortal = C47F756B2A8216830041E0EC /* Project object */;
			proxyType = 1;
			remoteGlobalIDString = C47F75722A8216830041E0EC;
			remoteInfo = Hike;
		};
/* End PBXContainerItemProxy section */

/* Begin PBXFileReference section */
		C44D0FF92A8912C300A3A4EF /* SettingsView.swift */ = {isa = PBXFileReference; lastKnownFileType = sourcecode.swift; path = SettingsView.swift; sourceTree = "<group>"; };
		C44D0FFB2A891B6C00A3A4EF /* CustomListRow.swift */ = {isa = PBXFileReference; lastKnownFileType = sourcecode.swift; path = CustomListRow.swift; sourceTree = "<group>"; };
		C47F75732A8216830041E0EC /* Hike.app */ = {isa = PBXFileReference; explicitFileType = wrapper.application; includeInIndex = 0; path = Hike.app; sourceTree = BUILT_PRODUCTS_DIR; };
		C47F75762A8216830041E0EC /* HikeApp.swift */ = {isa = PBXFileReference; lastKnownFileType = sourcecode.swift; path = HikeApp.swift; sourceTree = "<group>"; };
		C47F75782A8216830041E0EC /* ContentView.swift */ = {isa = PBXFileReference; lastKnownFileType = sourcecode.swift; path = ContentView.swift; sourceTree = "<group>"; };
		C47F757A2A8216850041E0EC /* Assets.xcassets */ = {isa = PBXFileReference; lastKnownFileType = folder.assetcatalog; path = Assets.xcassets; sourceTree = "<group>"; };
		C47F757D2A8216850041E0EC /* Preview Assets.xcassets */ = {isa = PBXFileReference; lastKnownFileType = folder.assetcatalog; path = "Preview Assets.xcassets"; sourceTree = "<group>"; };
		C47F75832A8216850041E0EC /* HikeTests.xctest */ = {isa = PBXFileReference; explicitFileType = wrapper.cfbundle; includeInIndex = 0; path = HikeTests.xctest; sourceTree = BUILT_PRODUCTS_DIR; };
		C47F75872A8216850041E0EC /* HikeTests.swift */ = {isa = PBXFileReference; lastKnownFileType = sourcecode.swift; path = HikeTests.swift; sourceTree = "<group>"; };
		C47F758D2A8216850041E0EC /* HikeUITests.xctest */ = {isa = PBXFileReference; explicitFileType = wrapper.cfbundle; includeInIndex = 0; path = HikeUITests.xctest; sourceTree = BUILT_PRODUCTS_DIR; };
		C47F75912A8216850041E0EC /* HikeUITests.swift */ = {isa = PBXFileReference; lastKnownFileType = sourcecode.swift; path = HikeUITests.swift; sourceTree = "<group>"; };
		C47F75932A8216850041E0EC /* HikeUITestsLaunchTests.swift */ = {isa = PBXFileReference; lastKnownFileType = sourcecode.swift; path = HikeUITestsLaunchTests.swift; sourceTree = "<group>"; };
		C4C2D7082A8798F200EEB970 /* CardView.swift */ = {isa = PBXFileReference; lastKnownFileType = sourcecode.swift; path = CardView.swift; sourceTree = "<group>"; };
		C4C2D70B2A879A5900EEB970 /* CustomBackgroundView.swift */ = {isa = PBXFileReference; lastKnownFileType = sourcecode.swift; path = CustomBackgroundView.swift; sourceTree = "<group>"; };
		C4C2D70E2A879CD600EEB970 /* ColorExtension.swift */ = {isa = PBXFileReference; lastKnownFileType = sourcecode.swift; path = ColorExtension.swift; sourceTree = "<group>"; };
		C4C2D7102A87A88600EEB970 /* CustomButtonView.swift */ = {isa = PBXFileReference; lastKnownFileType = sourcecode.swift; path = CustomButtonView.swift; sourceTree = "<group>"; };
		C4C2D7142A87C5E300EEB970 /* GradientButtonStyle.swift */ = {isa = PBXFileReference; lastKnownFileType = sourcecode.swift; path = GradientButtonStyle.swift; sourceTree = "<group>"; };
		C4C2D7162A87DCF800EEB970 /* CustomCircleView.swift */ = {isa = PBXFileReference; lastKnownFileType = sourcecode.swift; path = CustomCircleView.swift; sourceTree = "<group>"; };
		C4C2D7182A87DE4700EEB970 /* MotionAnimationView.swift */ = {isa = PBXFileReference; lastKnownFileType = sourcecode.swift; path = MotionAnimationView.swift; sourceTree = "<group>"; };
/* End PBXFileReference section */

/* Begin PBXFrameworksBuildPhase section */
		C47F75702A8216830041E0EC /* Frameworks */ = {
			isa = PBXFrameworksBuildPhase;
			buildActionMask = 2147483647;
			files = (
			);
			runOnlyForDeploymentPostprocessing = 0;
		};
		C47F75802A8216850041E0EC /* Frameworks */ = {
			isa = PBXFrameworksBuildPhase;
			buildActionMask = 2147483647;
			files = (
			);
			runOnlyForDeploymentPostprocessing = 0;
		};
		C47F758A2A8216850041E0EC /* Frameworks */ = {
			isa = PBXFrameworksBuildPhase;
			buildActionMask = 2147483647;
			files = (
			);
			runOnlyForDeploymentPostprocessing = 0;
		};
/* End PBXFrameworksBuildPhase section */

/* Begin PBXGroup section */
		C44D0FF82A8912A600A3A4EF /* Screen */ = {
			isa = PBXGroup;
			children = (
				C47F75782A8216830041E0EC /* ContentView.swift */,
				C44D0FF92A8912C300A3A4EF /* SettingsView.swift */,
			);
			path = Screen;
			sourceTree = "<group>";
		};
		C47F756A2A8216830041E0EC = {
			isa = PBXGroup;
			children = (
				C47F75752A8216830041E0EC /* Hike */,
				C47F75862A8216850041E0EC /* HikeTests */,
				C47F75902A8216850041E0EC /* HikeUITests */,
				C47F75742A8216830041E0EC /* Products */,
			);
			sourceTree = "<group>";
		};
		C47F75742A8216830041E0EC /* Products */ = {
			isa = PBXGroup;
			children = (
				C47F75732A8216830041E0EC /* Hike.app */,
				C47F75832A8216850041E0EC /* HikeTests.xctest */,
				C47F758D2A8216850041E0EC /* HikeUITests.xctest */,
			);
			name = Products;
			sourceTree = "<group>";
		};
		C47F75752A8216830041E0EC /* Hike */ = {
			isa = PBXGroup;
			children = (
				C4C2D70D2A879CB900EEB970 /* Utility */,
				C47F75762A8216830041E0EC /* HikeApp.swift */,
				C44D0FF82A8912A600A3A4EF /* Screen */,
				C47F757A2A8216850041E0EC /* Assets.xcassets */,
				C47F757C2A8216850041E0EC /* Preview Content */,
				C4C2D70A2A879A2000EEB970 /* Component */,
			);
			path = Hike;
			sourceTree = "<group>";
		};
		C47F757C2A8216850041E0EC /* Preview Content */ = {
			isa = PBXGroup;
			children = (
				C47F757D2A8216850041E0EC /* Preview Assets.xcassets */,
			);
			path = "Preview Content";
			sourceTree = "<group>";
		};
		C47F75862A8216850041E0EC /* HikeTests */ = {
			isa = PBXGroup;
			children = (
				C47F75872A8216850041E0EC /* HikeTests.swift */,
			);
			path = HikeTests;
			sourceTree = "<group>";
		};
		C47F75902A8216850041E0EC /* HikeUITests */ = {
			isa = PBXGroup;
			children = (
				C47F75912A8216850041E0EC /* HikeUITests.swift */,
				C47F75932A8216850041E0EC /* HikeUITestsLaunchTests.swift */,
			);
			path = HikeUITests;
			sourceTree = "<group>";
		};
		C4C2D70A2A879A2000EEB970 /* Component */ = {
			isa = PBXGroup;
			children = (
				C4C2D7082A8798F200EEB970 /* CardView.swift */,
				C4C2D70B2A879A5900EEB970 /* CustomBackgroundView.swift */,
				C4C2D7102A87A88600EEB970 /* CustomButtonView.swift */,
				C4C2D7162A87DCF800EEB970 /* CustomCircleView.swift */,
				C4C2D7182A87DE4700EEB970 /* MotionAnimationView.swift */,
				C44D0FFB2A891B6C00A3A4EF /* CustomListRow.swift */,
			);
			path = Component;
			sourceTree = "<group>";
		};
		C4C2D70D2A879CB900EEB970 /* Utility */ = {
			isa = PBXGroup;
			children = (
				C4C2D70E2A879CD600EEB970 /* ColorExtension.swift */,
				C4C2D7142A87C5E300EEB970 /* GradientButtonStyle.swift */,
			);
			path = Utility;
			sourceTree = "<group>";
		};
/* End PBXGroup section */

/* Begin PBXNativeTarget section */
		C47F75722A8216830041E0EC /* Hike */ = {
			isa = PBXNativeTarget;
			buildConfigurationList = C47F75972A8216850041E0EC /* Build configuration list for PBXNativeTarget "Hike" */;
			buildPhases = (
				C47F756F2A8216830041E0EC /* Sources */,
				C47F75702A8216830041E0EC /* Frameworks */,
				C47F75712A8216830041E0EC /* Resources */,
			);
			buildRules = (
			);
			dependencies = (
			);
			name = Hike;
			productName = Hike;
			productReference = C47F75732A8216830041E0EC /* Hike.app */;
			productType = "com.apple.product-type.application";
		};
		C47F75822A8216850041E0EC /* HikeTests */ = {
			isa = PBXNativeTarget;
			buildConfigurationList = C47F759A2A8216850041E0EC /* Build configuration list for PBXNativeTarget "HikeTests" */;
			buildPhases = (
				C47F757F2A8216850041E0EC /* Sources */,
				C47F75802A8216850041E0EC /* Frameworks */,
				C47F75812A8216850041E0EC /* Resources */,
			);
			buildRules = (
			);
			dependencies = (
				C47F75852A8216850041E0EC /* PBXTargetDependency */,
			);
			name = HikeTests;
			productName = HikeTests;
			productReference = C47F75832A8216850041E0EC /* HikeTests.xctest */;
			productType = "com.apple.product-type.bundle.unit-test";
		};
		C47F758C2A8216850041E0EC /* HikeUITests */ = {
			isa = PBXNativeTarget;
			buildConfigurationList = C47F759D2A8216850041E0EC /* Build configuration list for PBXNativeTarget "HikeUITests" */;
			buildPhases = (
				C47F75892A8216850041E0EC /* Sources */,
				C47F758A2A8216850041E0EC /* Frameworks */,
				C47F758B2A8216850041E0EC /* Resources */,
			);
			buildRules = (
			);
			dependencies = (
				C47F758F2A8216850041E0EC /* PBXTargetDependency */,
			);
			name = HikeUITests;
			productName = HikeUITests;
			productReference = C47F758D2A8216850041E0EC /* HikeUITests.xctest */;
			productType = "com.apple.product-type.bundle.ui-testing";
		};
/* End PBXNativeTarget section */

/* Begin PBXProject section */
		C47F756B2A8216830041E0EC /* Project object */ = {
			isa = PBXProject;
			attributes = {
				BuildIndependentTargetsInParallel = 1;
				LastSwiftUpdateCheck = 1430;
				LastUpgradeCheck = 1430;
				TargetAttributes = {
					C47F75722A8216830041E0EC = {
						CreatedOnToolsVersion = 14.3.1;
					};
					C47F75822A8216850041E0EC = {
						CreatedOnToolsVersion = 14.3.1;
						TestTargetID = C47F75722A8216830041E0EC;
					};
					C47F758C2A8216850041E0EC = {
						CreatedOnToolsVersion = 14.3.1;
						TestTargetID = C47F75722A8216830041E0EC;
					};
				};
			};
			buildConfigurationList = C47F756E2A8216830041E0EC /* Build configuration list for PBXProject "Hike" */;
			compatibilityVersion = "Xcode 14.0";
			developmentRegion = en;
			hasScannedForEncodings = 0;
			knownRegions = (
				en,
				Base,
			);
			mainGroup = C47F756A2A8216830041E0EC;
			productRefGroup = C47F75742A8216830041E0EC /* Products */;
			projectDirPath = "";
			projectRoot = "";
			targets = (
				C47F75722A8216830041E0EC /* Hike */,
				C47F75822A8216850041E0EC /* HikeTests */,
				C47F758C2A8216850041E0EC /* HikeUITests */,
			);
		};
/* End PBXProject section */

/* Begin PBXResourcesBuildPhase section */
		C47F75712A8216830041E0EC /* Resources */ = {
			isa = PBXResourcesBuildPhase;
			buildActionMask = 2147483647;
			files = (
				C47F757E2A8216850041E0EC /* Preview Assets.xcassets in Resources */,
				C47F757B2A8216850041E0EC /* Assets.xcassets in Resources */,
			);
			runOnlyForDeploymentPostprocessing = 0;
		};
		C47F75812A8216850041E0EC /* Resources */ = {
			isa = PBXResourcesBuildPhase;
			buildActionMask = 2147483647;
			files = (
			);
			runOnlyForDeploymentPostprocessing = 0;
		};
		C47F758B2A8216850041E0EC /* Resources */ = {
			isa = PBXResourcesBuildPhase;
			buildActionMask = 2147483647;
			files = (
			);
			runOnlyForDeploymentPostprocessing = 0;
		};
/* End PBXResourcesBuildPhase section */

/* Begin PBXSourcesBuildPhase section */
		C47F756F2A8216830041E0EC /* Sources */ = {
			isa = PBXSourcesBuildPhase;
			buildActionMask = 2147483647;
			files = (
				C47F75792A8216830041E0EC /* ContentView.swift in Sources */,
				C4C2D7172A87DCF800EEB970 /* CustomCircleView.swift in Sources */,
				C4C2D7092A8798F200EEB970 /* CardView.swift in Sources */,
				C44D0FFC2A891B6C00A3A4EF /* CustomListRow.swift in Sources */,
				C47F75772A8216830041E0EC /* HikeApp.swift in Sources */,
				C4C2D7112A87A88600EEB970 /* CustomButtonView.swift in Sources */,
				C44D0FFA2A8912C300A3A4EF /* SettingsView.swift in Sources */,
				C4C2D7152A87C5E300EEB970 /* GradientButtonStyle.swift in Sources */,
				C4C2D7192A87DE4700EEB970 /* MotionAnimationView.swift in Sources */,
				C4C2D70C2A879A5900EEB970 /* CustomBackgroundView.swift in Sources */,
				C4C2D70F2A879CD600EEB970 /* ColorExtension.swift in Sources */,
			);
			runOnlyForDeploymentPostprocessing = 0;
		};
		C47F757F2A8216850041E0EC /* Sources */ = {
			isa = PBXSourcesBuildPhase;
			buildActionMask = 2147483647;
			files = (
				C47F75882A8216850041E0EC /* HikeTests.swift in Sources */,
			);
			runOnlyForDeploymentPostprocessing = 0;
		};
		C47F75892A8216850041E0EC /* Sources */ = {
			isa = PBXSourcesBuildPhase;
			buildActionMask = 2147483647;
			files = (
				C47F75922A8216850041E0EC /* HikeUITests.swift in Sources */,
				C47F75942A8216850041E0EC /* HikeUITestsLaunchTests.swift in Sources */,
			);
			runOnlyForDeploymentPostprocessing = 0;
		};
/* End PBXSourcesBuildPhase section */

/* Begin PBXTargetDependency section */
		C47F75852A8216850041E0EC /* PBXTargetDependency */ = {
			isa = PBXTargetDependency;
			target = C47F75722A8216830041E0EC /* Hike */;
			targetProxy = C47F75842A8216850041E0EC /* PBXContainerItemProxy */;
		};
		C47F758F2A8216850041E0EC /* PBXTargetDependency */ = {
			isa = PBXTargetDependency;
			target = C47F75722A8216830041E0EC /* Hike */;
			targetProxy = C47F758E2A8216850041E0EC /* PBXContainerItemProxy */;
		};
/* End PBXTargetDependency section */

/* Begin XCBuildConfiguration section */
		C47F75952A8216850041E0EC /* Debug */ = {
			isa = XCBuildConfiguration;
			buildSettings = {
				ALWAYS_SEARCH_USER_PATHS = NO;
				CLANG_ANALYZER_NONNULL = YES;
				CLANG_ANALYZER_NUMBER_OBJECT_CONVERSION = YES_AGGRESSIVE;
				CLANG_CXX_LANGUAGE_STANDARD = "gnu++20";
				CLANG_ENABLE_MODULES = YES;
				CLANG_ENABLE_OBJC_ARC = YES;
				CLANG_ENABLE_OBJC_WEAK = YES;
				CLANG_WARN_BLOCK_CAPTURE_AUTORELEASING = YES;
				CLANG_WARN_BOOL_CONVERSION = YES;
				CLANG_WARN_COMMA = YES;
				CLANG_WARN_CONSTANT_CONVERSION = YES;
				CLANG_WARN_DEPRECATED_OBJC_IMPLEMENTATIONS = YES;
				CLANG_WARN_DIRECT_OBJC_ISA_USAGE = YES_ERROR;
				CLANG_WARN_DOCUMENTATION_COMMENTS = YES;
				CLANG_WARN_EMPTY_BODY = YES;
				CLANG_WARN_ENUM_CONVERSION = YES;
				CLANG_WARN_INFINITE_RECURSION = YES;
				CLANG_WARN_INT_CONVERSION = YES;
				CLANG_WARN_NON_LITERAL_NULL_CONVERSION = YES;
				CLANG_WARN_OBJC_IMPLICIT_RETAIN_SELF = YES;
				CLANG_WARN_OBJC_LITERAL_CONVERSION = YES;
				CLANG_WARN_OBJC_ROOT_CLASS = YES_ERROR;
				CLANG_WARN_QUOTED_INCLUDE_IN_FRAMEWORK_HEADER = YES;
				CLANG_WARN_RANGE_LOOP_ANALYSIS = YES;
				CLANG_WARN_STRICT_PROTOTYPES = YES;
				CLANG_WARN_SUSPICIOUS_MOVE = YES;
				CLANG_WARN_UNGUARDED_AVAILABILITY = YES_AGGRESSIVE;
				CLANG_WARN_UNREACHABLE_CODE = YES;
				CLANG_WARN__DUPLICATE_METHOD_MATCH = YES;
				COPY_PHASE_STRIP = NO;
				DEBUG_INFORMATION_FORMAT = dwarf;
				ENABLE_STRICT_OBJC_MSGSEND = YES;
				ENABLE_TESTABILITY = YES;
				GCC_C_LANGUAGE_STANDARD = gnu11;
				GCC_DYNAMIC_NO_PIC = NO;
				GCC_NO_COMMON_BLOCKS = YES;
				GCC_OPTIMIZATION_LEVEL = 0;
				GCC_PREPROCESSOR_DEFINITIONS = (
					"DEBUG=1",
					"$(inherited)",
				);
				GCC_WARN_64_TO_32_BIT_CONVERSION = YES;
				GCC_WARN_ABOUT_RETURN_TYPE = YES_ERROR;
				GCC_WARN_UNDECLARED_SELECTOR = YES;
				GCC_WARN_UNINITIALIZED_AUTOS = YES_AGGRESSIVE;
				GCC_WARN_UNUSED_FUNCTION = YES;
				GCC_WARN_UNUSED_VARIABLE = YES;
				IPHONEOS_DEPLOYMENT_TARGET = 16.4;
				MTL_ENABLE_DEBUG_INFO = INCLUDE_SOURCE;
				MTL_FAST_MATH = YES;
				ONLY_ACTIVE_ARCH = YES;
				SDKROOT = iphoneos;
				SWIFT_ACTIVE_COMPILATION_CONDITIONS = DEBUG;
				SWIFT_OPTIMIZATION_LEVEL = "-Onone";
			};
			name = Debug;
		};
		C47F75962A8216850041E0EC /* Release */ = {
			isa = XCBuildConfiguration;
			buildSettings = {
				ALWAYS_SEARCH_USER_PATHS = NO;
				CLANG_ANALYZER_NONNULL = YES;
				CLANG_ANALYZER_NUMBER_OBJECT_CONVERSION = YES_AGGRESSIVE;
				CLANG_CXX_LANGUAGE_STANDARD = "gnu++20";
				CLANG_ENABLE_MODULES = YES;
				CLANG_ENABLE_OBJC_ARC = YES;
				CLANG_ENABLE_OBJC_WEAK = YES;
				CLANG_WARN_BLOCK_CAPTURE_AUTORELEASING = YES;
				CLANG_WARN_BOOL_CONVERSION = YES;
				CLANG_WARN_COMMA = YES;
				CLANG_WARN_CONSTANT_CONVERSION = YES;
				CLANG_WARN_DEPRECATED_OBJC_IMPLEMENTATIONS = YES;
				CLANG_WARN_DIRECT_OBJC_ISA_USAGE = YES_ERROR;
				CLANG_WARN_DOCUMENTATION_COMMENTS = YES;
				CLANG_WARN_EMPTY_BODY = YES;
				CLANG_WARN_ENUM_CONVERSION = YES;
				CLANG_WARN_INFINITE_RECURSION = YES;
				CLANG_WARN_INT_CONVERSION = YES;
				CLANG_WARN_NON_LITERAL_NULL_CONVERSION = YES;
				CLANG_WARN_OBJC_IMPLICIT_RETAIN_SELF = YES;
				CLANG_WARN_OBJC_LITERAL_CONVERSION = YES;
				CLANG_WARN_OBJC_ROOT_CLASS = YES_ERROR;
				CLANG_WARN_QUOTED_INCLUDE_IN_FRAMEWORK_HEADER = YES;
				CLANG_WARN_RANGE_LOOP_ANALYSIS = YES;
				CLANG_WARN_STRICT_PROTOTYPES = YES;
				CLANG_WARN_SUSPICIOUS_MOVE = YES;
				CLANG_WARN_UNGUARDED_AVAILABILITY = YES_AGGRESSIVE;
				CLANG_WARN_UNREACHABLE_CODE = YES;
				CLANG_WARN__DUPLICATE_METHOD_MATCH = YES;
				COPY_PHASE_STRIP = NO;
				DEBUG_INFORMATION_FORMAT = "dwarf-with-dsym";
				ENABLE_NS_ASSERTIONS = NO;
				ENABLE_STRICT_OBJC_MSGSEND = YES;
				GCC_C_LANGUAGE_STANDARD = gnu11;
				GCC_NO_COMMON_BLOCKS = YES;
				GCC_WARN_64_TO_32_BIT_CONVERSION = YES;
				GCC_WARN_ABOUT_RETURN_TYPE = YES_ERROR;
				GCC_WARN_UNDECLARED_SELECTOR = YES;
				GCC_WARN_UNINITIALIZED_AUTOS = YES_AGGRESSIVE;
				GCC_WARN_UNUSED_FUNCTION = YES;
				GCC_WARN_UNUSED_VARIABLE = YES;
				IPHONEOS_DEPLOYMENT_TARGET = 16.4;
				MTL_ENABLE_DEBUG_INFO = NO;
				MTL_FAST_MATH = YES;
				SDKROOT = iphoneos;
				SWIFT_COMPILATION_MODE = wholemodule;
				SWIFT_OPTIMIZATION_LEVEL = "-O";
				VALIDATE_PRODUCT = YES;
			};
			name = Release;
		};
		C47F75982A8216850041E0EC /* Debug */ = {
			isa = XCBuildConfiguration;
			buildSettings = {
				ASSETCATALOG_COMPILER_APPICON_NAME = AppIcon;
				ASSETCATALOG_COMPILER_GLOBAL_ACCENT_COLOR_NAME = AccentColor;
				CODE_SIGN_STYLE = Automatic;
				CURRENT_PROJECT_VERSION = 1;
				DEVELOPMENT_ASSET_PATHS = "\"Hike/Preview Content\"";
				DEVELOPMENT_TEAM = MMFVR9M5GW;
				ENABLE_PREVIEWS = YES;
				GENERATE_INFOPLIST_FILE = YES;
				INFOPLIST_KEY_UIApplicationSceneManifest_Generation = YES;
				INFOPLIST_KEY_UIApplicationSupportsIndirectInputEvents = YES;
				INFOPLIST_KEY_UILaunchScreen_Generation = YES;
				INFOPLIST_KEY_UISupportedInterfaceOrientations_iPad = "UIInterfaceOrientationPortrait UIInterfaceOrientationPortraitUpsideDown UIInterfaceOrientationLandscapeLeft UIInterfaceOrientationLandscapeRight";
				INFOPLIST_KEY_UISupportedInterfaceOrientations_iPhone = "UIInterfaceOrientationPortrait UIInterfaceOrientationLandscapeLeft UIInterfaceOrientationLandscapeRight";
				LD_RUNPATH_SEARCH_PATHS = (
					"$(inherited)",
					"@executable_path/Frameworks",
				);
				MARKETING_VERSION = 1.0;
				PRODUCT_BUNDLE_IDENTIFIER = "github.com-Pawelitto.Hike";
				PRODUCT_NAME = "$(TARGET_NAME)";
				SWIFT_EMIT_LOC_STRINGS = YES;
				SWIFT_VERSION = 5.0;
				TARGETED_DEVICE_FAMILY = "1,2";
			};
			name = Debug;
		};
		C47F75992A8216850041E0EC /* Release */ = {
			isa = XCBuildConfiguration;
			buildSettings = {
				ASSETCATALOG_COMPILER_APPICON_NAME = AppIcon;
				ASSETCATALOG_COMPILER_GLOBAL_ACCENT_COLOR_NAME = AccentColor;
				CODE_SIGN_STYLE = Automatic;
				CURRENT_PROJECT_VERSION = 1;
				DEVELOPMENT_ASSET_PATHS = "\"Hike/Preview Content\"";
				DEVELOPMENT_TEAM = MMFVR9M5GW;
				ENABLE_PREVIEWS = YES;
				GENERATE_INFOPLIST_FILE = YES;
				INFOPLIST_KEY_UIApplicationSceneManifest_Generation = YES;
				INFOPLIST_KEY_UIApplicationSupportsIndirectInputEvents = YES;
				INFOPLIST_KEY_UILaunchScreen_Generation = YES;
				INFOPLIST_KEY_UISupportedInterfaceOrientations_iPad = "UIInterfaceOrientationPortrait UIInterfaceOrientationPortraitUpsideDown UIInterfaceOrientationLandscapeLeft UIInterfaceOrientationLandscapeRight";
				INFOPLIST_KEY_UISupportedInterfaceOrientations_iPhone = "UIInterfaceOrientationPortrait UIInterfaceOrientationLandscapeLeft UIInterfaceOrientationLandscapeRight";
				LD_RUNPATH_SEARCH_PATHS = (
					"$(inherited)",
					"@executable_path/Frameworks",
				);
				MARKETING_VERSION = 1.0;
				PRODUCT_BUNDLE_IDENTIFIER = "github.com-Pawelitto.Hike";
				PRODUCT_NAME = "$(TARGET_NAME)";
				SWIFT_EMIT_LOC_STRINGS = YES;
				SWIFT_VERSION = 5.0;
				TARGETED_DEVICE_FAMILY = "1,2";
			};
			name = Release;
		};
		C47F759B2A8216850041E0EC /* Debug */ = {
			isa = XCBuildConfiguration;
			buildSettings = {
				ALWAYS_EMBED_SWIFT_STANDARD_LIBRARIES = YES;
				BUNDLE_LOADER = "$(TEST_HOST)";
				CODE_SIGN_STYLE = Automatic;
				CURRENT_PROJECT_VERSION = 1;
				DEVELOPMENT_TEAM = MMFVR9M5GW;
				GENERATE_INFOPLIST_FILE = YES;
				IPHONEOS_DEPLOYMENT_TARGET = 16.4;
				MARKETING_VERSION = 1.0;
				PRODUCT_BUNDLE_IDENTIFIER = "github.com-Pawelitto.HikeTests";
				PRODUCT_NAME = "$(TARGET_NAME)";
				SWIFT_EMIT_LOC_STRINGS = NO;
				SWIFT_VERSION = 5.0;
				TARGETED_DEVICE_FAMILY = "1,2";
				TEST_HOST = "$(BUILT_PRODUCTS_DIR)/Hike.app/$(BUNDLE_EXECUTABLE_FOLDER_PATH)/Hike";
			};
			name = Debug;
		};
		C47F759C2A8216850041E0EC /* Release */ = {
			isa = XCBuildConfiguration;
			buildSettings = {
				ALWAYS_EMBED_SWIFT_STANDARD_LIBRARIES = YES;
				BUNDLE_LOADER = "$(TEST_HOST)";
				CODE_SIGN_STYLE = Automatic;
				CURRENT_PROJECT_VERSION = 1;
				DEVELOPMENT_TEAM = MMFVR9M5GW;
				GENERATE_INFOPLIST_FILE = YES;
				IPHONEOS_DEPLOYMENT_TARGET = 16.4;
				MARKETING_VERSION = 1.0;
				PRODUCT_BUNDLE_IDENTIFIER = "github.com-Pawelitto.HikeTests";
				PRODUCT_NAME = "$(TARGET_NAME)";
				SWIFT_EMIT_LOC_STRINGS = NO;
				SWIFT_VERSION = 5.0;
				TARGETED_DEVICE_FAMILY = "1,2";
				TEST_HOST = "$(BUILT_PRODUCTS_DIR)/Hike.app/$(BUNDLE_EXECUTABLE_FOLDER_PATH)/Hike";
			};
			name = Release;
		};
		C47F759E2A8216850041E0EC /* Debug */ = {
			isa = XCBuildConfiguration;
			buildSettings = {
				ALWAYS_EMBED_SWIFT_STANDARD_LIBRARIES = YES;
				CODE_SIGN_STYLE = Automatic;
				CURRENT_PROJECT_VERSION = 1;
				DEVELOPMENT_TEAM = MMFVR9M5GW;
				GENERATE_INFOPLIST_FILE = YES;
				MARKETING_VERSION = 1.0;
				PRODUCT_BUNDLE_IDENTIFIER = "github.com-Pawelitto.HikeUITests";
				PRODUCT_NAME = "$(TARGET_NAME)";
				SWIFT_EMIT_LOC_STRINGS = NO;
				SWIFT_VERSION = 5.0;
				TARGETED_DEVICE_FAMILY = "1,2";
				TEST_TARGET_NAME = Hike;
			};
			name = Debug;
		};
		C47F759F2A8216850041E0EC /* Release */ = {
			isa = XCBuildConfiguration;
			buildSettings = {
				ALWAYS_EMBED_SWIFT_STANDARD_LIBRARIES = YES;
				CODE_SIGN_STYLE = Automatic;
				CURRENT_PROJECT_VERSION = 1;
				DEVELOPMENT_TEAM = MMFVR9M5GW;
				GENERATE_INFOPLIST_FILE = YES;
				MARKETING_VERSION = 1.0;
				PRODUCT_BUNDLE_IDENTIFIER = "github.com-Pawelitto.HikeUITests";
				PRODUCT_NAME = "$(TARGET_NAME)";
				SWIFT_EMIT_LOC_STRINGS = NO;
				SWIFT_VERSION = 5.0;
				TARGETED_DEVICE_FAMILY = "1,2";
				TEST_TARGET_NAME = Hike;
			};
			name = Release;
		};
/* End XCBuildConfiguration section */

/* Begin XCConfigurationList section */
		C47F756E2A8216830041E0EC /* Build configuration list for PBXProject "Hike" */ = {
			isa = XCConfigurationList;
			buildConfigurations = (
				C47F75952A8216850041E0EC /* Debug */,
				C47F75962A8216850041E0EC /* Release */,
			);
			defaultConfigurationIsVisible = 0;
			defaultConfigurationName = Release;
		};
		C47F75972A8216850041E0EC /* Build configuration list for PBXNativeTarget "Hike" */ = {
			isa = XCConfigurationList;
			buildConfigurations = (
				C47F75982A8216850041E0EC /* Debug */,
				C47F75992A8216850041E0EC /* Release */,
			);
			defaultConfigurationIsVisible = 0;
			defaultConfigurationName = Release;
		};
		C47F759A2A8216850041E0EC /* Build configuration list for PBXNativeTarget "HikeTests" */ = {
			isa = XCConfigurationList;
			buildConfigurations = (
				C47F759B2A8216850041E0EC /* Debug */,
				C47F759C2A8216850041E0EC /* Release */,
			);
			defaultConfigurationIsVisible = 0;
			defaultConfigurationName = Release;
		};
		C47F759D2A8216850041E0EC /* Build configuration list for PBXNativeTarget "HikeUITests" */ = {
			isa = XCConfigurationList;
			buildConfigurations = (
				C47F759E2A8216850041E0EC /* Debug */,
				C47F759F2A8216850041E0EC /* Release */,
			);
			defaultConfigurationIsVisible = 0;
			defaultConfigurationName = Release;
		};
/* End XCConfigurationList section */
	};
	rootObject = C47F756B2A8216830041E0EC /* Project object */;
}
